
Microsoft Visual Studio Solution File, Format Version 12.00
# Visual Studio Express 2012 for Windows Desktop
Project("{FAE04EC0-301F-11D3-BF4B-00C04F79EFBC}") = "AndrewTweddle.BattleCity.Core", "AndrewTweddle.BattleCity.Core\AndrewTweddle.BattleCity.Core.csproj", "{EC32336D-0FB7-4ABB-B15D-7F131A5BD74A}"
EndProject
Project("{FAE04EC0-301F-11D3-BF4B-00C04F79EFBC}") = "AndrewTweddle.BattleCity.Services", "AndrewTweddle.BattleCity.Services\AndrewTweddle.BattleCity.Services.csproj", "{3E620E0E-B476-427F-A152-C483102D3495}"
EndProject
Global
	GlobalSection(SolutionConfigurationPlatforms) = preSolution
		Debug|Any CPU = Debug|Any CPU
		Release|Any CPU = Release|Any CPU
	EndGlobalSection
	GlobalSection(ProjectConfigurationPlatforms) = postSolution
		{EC32336D-0FB7-4ABB-B15D-7F131A5BD74A}.Debug|Any CPU.ActiveCfg = Debug|Any CPU
		{EC32336D-0FB7-4ABB-B15D-7F131A5BD74A}.Debug|Any CPU.Build.0 = Debug|Any CPU
		{EC32336D-0FB7-4ABB-B15D-7F131A5BD74A}.Release|Any CPU.ActiveCfg = Release|Any CPU
		{EC32336D-0FB7-4ABB-B15D-7F131A5BD74A}.Release|Any CPU.Build.0 = Release|Any CPU
		{3E620E0E-B476-427F-A152-C483102D3495}.Debug|Any CPU.ActiveCfg = Debug|Any CPU
		{3E620E0E-B476-427F-A152-C483102D3495}.Debug|Any CPU.Build.0 = Debug|Any CPU
		{3E620E0E-B476-427F-A152-C483102D3495}.Release|Any CPU.ActiveCfg = Release|Any CPU
		{3E620E0E-B476-427F-A152-C483102D3495}.Release|Any CPU.Build.0 = Release|Any CPU
	EndGlobalSection
	GlobalSection(SolutionProperties) = preSolution
		HideSolutionNode = FALSE
	EndGlobalSection
EndGlobal
